
Microsoft Visual Studio Solution File, Format Version 12.00
# Visual Studio 15
VisualStudioVersion = 15.0.27130.2010
MinimumVisualStudioVersion = 10.0.40219.1
Project("{FAE04EC0-301F-11D3-BF4B-00C04F79EFBC}") = "MVCApp", "MVCApp\MVCApp.csproj", "{EE1C37A0-FBE4-4213-9F51-E004D4DBAC36}"
EndProject
Global
	GlobalSection(SolutionConfigurationPlatforms) = preSolution
		Debug|Any CPU = Debug|Any CPU
		Release|Any CPU = Release|Any CPU
	EndGlobalSection
	GlobalSection(ProjectConfigurationPlatforms) = postSolution
		{EE1C37A0-FBE4-4213-9F51-E004D4DBAC36}.Debug|Any CPU.ActiveCfg = Debug|Any CPU
		{EE1C37A0-FBE4-4213-9F51-E004D4DBAC36}.Debug|Any CPU.Build.0 = Debug|Any CPU
		{EE1C37A0-FBE4-4213-9F51-E004D4DBAC36}.Release|Any CPU.ActiveCfg = Release|Any CPU
		{EE1C37A0-FBE4-4213-9F51-E004D4DBAC36}.Release|Any CPU.Build.0 = Release|Any CPU
	EndGlobalSection
	GlobalSection(SolutionProperties) = preSolution
		HideSolutionNode = FALSE
	EndGlobalSection
	GlobalSection(ExtensibilityGlobals) = postSolution
		SolutionGuid = {CFDF2FB4-A97E-46C5-B606-CCF41F4B3D4E}
	EndGlobalSection
EndGlobal
